
Microsoft Visual Studio Solution File, Format Version 12.00
# Visual Studio Version 17
VisualStudioVersion = 17.0.31903.59
MinimumVisualStudioVersion = 10.0.40219.1
Project("{FAE04EC0-301F-11D3-BF4B-00C04F79EFBC}") = "QuanLyHocVien.UI", "QuanLyHocVien.UI\QuanLyHocVien.UI.csproj", "{C86BD8EF-9316-4FC5-9FA0-DE46FBAC029A}"
EndProject
Project("{FAE04EC0-301F-11D3-BF4B-00C04F79EFBC}") = "QuanLyHocVien.Domain", "QuanLyHocVien.Domain\QuanLyHocVien.Domain.csproj", "{5E32FD0D-5087-49B1-8AD2-787341B95BED}"
EndProject
Project("{FAE04EC0-301F-11D3-BF4B-00C04F79EFBC}") = "QuanLyHocVien.Application", "QuanLyHocVien.Application\QuanLyHocVien.Application.csproj", "{C0B69CE7-F6EF-4DF8-9A5F-0EDF8D9B744F}"
EndProject
Project("{FAE04EC0-301F-11D3-BF4B-00C04F79EFBC}") = "QuanLyHocVien.Infrastructure", "QuanLyHocVien.Infrastructure\QuanLyHocVien.Infrastructure.csproj", "{3118F50E-88CA-4C84-BAC6-8B4943DDDE0E}"
EndProject
Global
	GlobalSection(SolutionConfigurationPlatforms) = preSolution
		Debug|Any CPU = Debug|Any CPU
		Debug|x64 = Debug|x64
		Debug|x86 = Debug|x86
		Release|Any CPU = Release|Any CPU
		Release|x64 = Release|x64
		Release|x86 = Release|x86
	EndGlobalSection
	GlobalSection(ProjectConfigurationPlatforms) = postSolution
		{C86BD8EF-9316-4FC5-9FA0-DE46FBAC029A}.Debug|Any CPU.ActiveCfg = Debug|Any CPU
		{C86BD8EF-9316-4FC5-9FA0-DE46FBAC029A}.Debug|Any CPU.Build.0 = Debug|Any CPU
		{C86BD8EF-9316-4FC5-9FA0-DE46FBAC029A}.Debug|x64.ActiveCfg = Debug|Any CPU
		{C86BD8EF-9316-4FC5-9FA0-DE46FBAC029A}.Debug|x64.Build.0 = Debug|Any CPU
		{C86BD8EF-9316-4FC5-9FA0-DE46FBAC029A}.Debug|x86.ActiveCfg = Debug|Any CPU
		{C86BD8EF-9316-4FC5-9FA0-DE46FBAC029A}.Debug|x86.Build.0 = Debug|Any CPU
		{C86BD8EF-9316-4FC5-9FA0-DE46FBAC029A}.Release|Any CPU.ActiveCfg = Release|Any CPU
		{C86BD8EF-9316-4FC5-9FA0-DE46FBAC029A}.Release|Any CPU.Build.0 = Release|Any CPU
		{C86BD8EF-9316-4FC5-9FA0-DE46FBAC029A}.Release|x64.ActiveCfg = Release|Any CPU
		{C86BD8EF-9316-4FC5-9FA0-DE46FBAC029A}.Release|x64.Build.0 = Release|Any CPU
		{C86BD8EF-9316-4FC5-9FA0-DE46FBAC029A}.Release|x86.ActiveCfg = Release|Any CPU
		{C86BD8EF-9316-4FC5-9FA0-DE46FBAC029A}.Release|x86.Build.0 = Release|Any CPU
		{5E32FD0D-5087-49B1-8AD2-787341B95BED}.Debug|Any CPU.ActiveCfg = Debug|Any CPU
		{5E32FD0D-5087-49B1-8AD2-787341B95BED}.Debug|Any CPU.Build.0 = Debug|Any CPU
		{5E32FD0D-5087-49B1-8AD2-787341B95BED}.Debug|x64.ActiveCfg = Debug|Any CPU
		{5E32FD0D-5087-49B1-8AD2-787341B95BED}.Debug|x64.Build.0 = Debug|Any CPU
		{5E32FD0D-5087-49B1-8AD2-787341B95BED}.Debug|x86.ActiveCfg = Debug|Any CPU
		{5E32FD0D-5087-49B1-8AD2-787341B95BED}.Debug|x86.Build.0 = Debug|Any CPU
		{5E32FD0D-5087-49B1-8AD2-787341B95BED}.Release|Any CPU.ActiveCfg = Release|Any CPU
		{5E32FD0D-5087-49B1-8AD2-787341B95BED}.Release|Any CPU.Build.0 = Release|Any CPU
		{5E32FD0D-5087-49B1-8AD2-787341B95BED}.Release|x64.ActiveCfg = Release|Any CPU
		{5E32FD0D-5087-49B1-8AD2-787341B95BED}.Release|x64.Build.0 = Release|Any CPU
		{5E32FD0D-5087-49B1-8AD2-787341B95BED}.Release|x86.ActiveCfg = Release|Any CPU
		{5E32FD0D-5087-49B1-8AD2-787341B95BED}.Release|x86.Build.0 = Release|Any CPU
		{C0B69CE7-F6EF-4DF8-9A5F-0EDF8D9B744F}.Debug|Any CPU.ActiveCfg = Debug|Any CPU
		{C0B69CE7-F6EF-4DF8-9A5F-0EDF8D9B744F}.Debug|Any CPU.Build.0 = Debug|Any CPU
		{C0B69CE7-F6EF-4DF8-9A5F-0EDF8D9B744F}.Debug|x64.ActiveCfg = Debug|Any CPU
		{C0B69CE7-F6EF-4DF8-9A5F-0EDF8D9B744F}.Debug|x64.Build.0 = Debug|Any CPU
		{C0B69CE7-F6EF-4DF8-9A5F-0EDF8D9B744F}.Debug|x86.ActiveCfg = Debug|Any CPU
		{C0B69CE7-F6EF-4DF8-9A5F-0EDF8D9B744F}.Debug|x86.Build.0 = Debug|Any CPU
		{C0B69CE7-F6EF-4DF8-9A5F-0EDF8D9B744F}.Release|Any CPU.ActiveCfg = Release|Any CPU
		{C0B69CE7-F6EF-4DF8-9A5F-0EDF8D9B744F}.Release|Any CPU.Build.0 = Release|Any CPU
		{C0B69CE7-F6EF-4DF8-9A5F-0EDF8D9B744F}.Release|x64.ActiveCfg = Release|Any CPU
		{C0B69CE7-F6EF-4DF8-9A5F-0EDF8D9B744F}.Release|x64.Build.0 = Release|Any CPU
		{C0B69CE7-F6EF-4DF8-9A5F-0EDF8D9B744F}.Release|x86.ActiveCfg = Release|Any CPU
		{C0B69CE7-F6EF-4DF8-9A5F-0EDF8D9B744F}.Release|x86.Build.0 = Release|Any CPU
		{3118F50E-88CA-4C84-BAC6-8B4943DDDE0E}.Debug|Any CPU.ActiveCfg = Debug|Any CPU
		{3118F50E-88CA-4C84-BAC6-8B4943DDDE0E}.Debug|Any CPU.Build.0 = Debug|Any CPU
		{3118F50E-88CA-4C84-BAC6-8B4943DDDE0E}.Debug|x64.ActiveCfg = Debug|Any CPU
		{3118F50E-88CA-4C84-BAC6-8B4943DDDE0E}.Debug|x64.Build.0 = Debug|Any CPU
		{3118F50E-88CA-4C84-BAC6-8B4943DDDE0E}.Debug|x86.ActiveCfg = Debug|Any CPU
		{3118F50E-88CA-4C84-BAC6-8B4943DDDE0E}.Debug|x86.Build.0 = Debug|Any CPU
		{3118F50E-88CA-4C84-BAC6-8B4943DDDE0E}.Release|Any CPU.ActiveCfg = Release|Any CPU
		{3118F50E-88CA-4C84-BAC6-8B4943DDDE0E}.Release|Any CPU.Build.0 = Release|Any CPU
		{3118F50E-88CA-4C84-BAC6-8B4943DDDE0E}.Release|x64.ActiveCfg = Release|Any CPU
		{3118F50E-88CA-4C84-BAC6-8B4943DDDE0E}.Release|x64.Build.0 = Release|Any CPU
		{3118F50E-88CA-4C84-BAC6-8B4943DDDE0E}.Release|x86.ActiveCfg = Release|Any CPU
		{3118F50E-88CA-4C84-BAC6-8B4943DDDE0E}.Release|x86.Build.0 = Release|Any CPU
	EndGlobalSection
	GlobalSection(SolutionProperties) = preSolution
		HideSolutionNode = FALSE
	EndGlobalSection
EndGlobal
